
Microsoft Visual Studio Solution File, Format Version 12.00
# Visual Studio 15
VisualStudioVersion = 15.0.28307.1259
MinimumVisualStudioVersion = 10.0.40219.1
Project("{FAE04EC0-301F-11D3-BF4B-00C04F79EFBC}") = "treeViewDataBase", "treeViewDataBase\treeViewDataBase.csproj", "{D9019F3A-0C85-4E70-8E27-BDC463C53764}"
EndProject
Global
	GlobalSection(SolutionConfigurationPlatforms) = preSolution
		Debug|Any CPU = Debug|Any CPU
		Release|Any CPU = Release|Any CPU
	EndGlobalSection
	GlobalSection(ProjectConfigurationPlatforms) = postSolution
		{D9019F3A-0C85-4E70-8E27-BDC463C53764}.Debug|Any CPU.ActiveCfg = Debug|Any CPU
		{D9019F3A-0C85-4E70-8E27-BDC463C53764}.Debug|Any CPU.Build.0 = Debug|Any CPU
		{D9019F3A-0C85-4E70-8E27-BDC463C53764}.Release|Any CPU.ActiveCfg = Release|Any CPU
		{D9019F3A-0C85-4E70-8E27-BDC463C53764}.Release|Any CPU.Build.0 = Release|Any CPU
	EndGlobalSection
	GlobalSection(SolutionProperties) = preSolution
		HideSolutionNode = FALSE
	EndGlobalSection
	GlobalSection(ExtensibilityGlobals) = postSolution
		SolutionGuid = {8D09EF75-0460-4A25-B8D1-4CEA7CC27A9D}
	EndGlobalSection
EndGlobal
